
Microsoft Visual Studio Solution File, Format Version 12.00
# Visual Studio 14
VisualStudioVersion = 14.0.25420.1
MinimumVisualStudioVersion = 10.0.40219.1
Project("{FAE04EC0-301F-11D3-BF4B-00C04F79EFBC}") = "ERP", "ERP\ERP.csproj", "{2A529A62-4CF9-41B6-97CD-3F19BC9A167E}"
EndProject
Project("{2150E333-8FDC-42A3-9474-1A3956D46DE8}") = "Frameworks", "Frameworks", "{1880848A-61BB-4FB0-9BC8-95E31473E370}"
EndProject
Project("{FAE04EC0-301F-11D3-BF4B-00C04F79EFBC}") = "Repository.Pattern", "Frameworks\Repository.Pattern\Repository.Pattern.csproj", "{6E682A14-C872-4813-B620-76E108DEA683}"
EndProject
Project("{FAE04EC0-301F-11D3-BF4B-00C04F79EFBC}") = "Repository.Pattern.Ef6", "Frameworks\Repository.Pattern.Ef6\Repository.Pattern.Ef6.csproj", "{F68A1D19-93FB-47C1-A22B-42BEA3E4FD8C}"
EndProject
Project("{FAE04EC0-301F-11D3-BF4B-00C04F79EFBC}") = "Service.Pattern", "Frameworks\Service.Pattern\Service.Pattern.csproj", "{86F86650-EE3C-4372-8FEC-40C2FE015022}"
EndProject
Project("{2150E333-8FDC-42A3-9474-1A3956D46DE8}") = "DataLayer", "DataLayer", "{D49A1A65-8D08-44A5-8FE2-4BFE0C74E543}"
EndProject
Project("{2150E333-8FDC-42A3-9474-1A3956D46DE8}") = "ServiceLayer", "ServiceLayer", "{C5F16BC4-5F95-48EF-805D-2AB4A778811B}"
EndProject
Project("{2150E333-8FDC-42A3-9474-1A3956D46DE8}") = ".nuget", ".nuget", "{719E91DB-D29D-4D61-BD2D-7C94BF11A6E0}"
	ProjectSection(SolutionItems) = preProject
		Common\ERP.Entities\Models\ModuleGroupAccess.cs = Common\ERP.Entities\Models\ModuleGroupAccess.cs
		.nuget\NuGet.Config = .nuget\NuGet.Config
		.nuget\NuGet.exe = .nuget\NuGet.exe
		.nuget\NuGet.targets = .nuget\NuGet.targets
	EndProjectSection
EndProject
Project("{FAE04EC0-301F-11D3-BF4B-00C04F79EFBC}") = "ERP.Data", "DataLayer\ERP.Data\ERP.Data.csproj", "{4799A126-0D1B-4EDD-B226-43ABDA36925C}"
EndProject
Project("{FAE04EC0-301F-11D3-BF4B-00C04F79EFBC}") = "ERP.Repository", "DataLayer\ERP.Repository\ERP.Repository.csproj", "{04BF0937-59D4-4B95-9F4E-77ECAFA88783}"
EndProject
Project("{FAE04EC0-301F-11D3-BF4B-00C04F79EFBC}") = "ERP.Services", "ServiceLayer\ERP.Services\ERP.Services.csproj", "{10E258D5-9479-460F-8EED-2ABBEB2C7A1E}"
EndProject
Project("{2150E333-8FDC-42A3-9474-1A3956D46DE8}") = "Common", "Common", "{17A6A028-BC51-47BE-89CE-613D23C1A6A1}"
EndProject
Project("{FAE04EC0-301F-11D3-BF4B-00C04F79EFBC}") = "ERP.DTO", "Common\ERP.DTO\ERP.DTO.csproj", "{9C445F03-2246-4C5C-97A0-20B32C184B7C}"
EndProject
Project("{FAE04EC0-301F-11D3-BF4B-00C04F79EFBC}") = "ERP.Entities", "Common\ERP.Entities\ERP.Entities.csproj", "{871F0038-F629-4A87-8E24-4E37BA1328D0}"
EndProject
Project("{FAE04EC0-301F-11D3-BF4B-00C04F79EFBC}") = "ERP.Logging", "ERP.Logging\ERP.Logging.csproj", "{711597CA-B9E5-43FD-BCCA-DCD97A298A71}"
EndProject
Global
	GlobalSection(SolutionConfigurationPlatforms) = preSolution
		Debug|Any CPU = Debug|Any CPU
		Debug|x86 = Debug|x86
		Release|Any CPU = Release|Any CPU
		Release|x86 = Release|x86
	EndGlobalSection
	GlobalSection(ProjectConfigurationPlatforms) = postSolution
		{2A529A62-4CF9-41B6-97CD-3F19BC9A167E}.Debug|Any CPU.ActiveCfg = Debug|Any CPU
		{2A529A62-4CF9-41B6-97CD-3F19BC9A167E}.Debug|Any CPU.Build.0 = Debug|Any CPU
		{2A529A62-4CF9-41B6-97CD-3F19BC9A167E}.Debug|x86.ActiveCfg = Debug|Any CPU
		{2A529A62-4CF9-41B6-97CD-3F19BC9A167E}.Release|Any CPU.ActiveCfg = Release|Any CPU
		{2A529A62-4CF9-41B6-97CD-3F19BC9A167E}.Release|Any CPU.Build.0 = Release|Any CPU
		{2A529A62-4CF9-41B6-97CD-3F19BC9A167E}.Release|x86.ActiveCfg = Release|Any CPU
		{6E682A14-C872-4813-B620-76E108DEA683}.Debug|Any CPU.ActiveCfg = Debug|Any CPU
		{6E682A14-C872-4813-B620-76E108DEA683}.Debug|Any CPU.Build.0 = Debug|Any CPU
		{6E682A14-C872-4813-B620-76E108DEA683}.Debug|x86.ActiveCfg = Debug|x86
		{6E682A14-C872-4813-B620-76E108DEA683}.Debug|x86.Build.0 = Debug|x86
		{6E682A14-C872-4813-B620-76E108DEA683}.Release|Any CPU.ActiveCfg = Release|Any CPU
		{6E682A14-C872-4813-B620-76E108DEA683}.Release|Any CPU.Build.0 = Release|Any CPU
		{6E682A14-C872-4813-B620-76E108DEA683}.Release|x86.ActiveCfg = Release|x86
		{6E682A14-C872-4813-B620-76E108DEA683}.Release|x86.Build.0 = Release|x86
		{F68A1D19-93FB-47C1-A22B-42BEA3E4FD8C}.Debug|Any CPU.ActiveCfg = Debug|Any CPU
		{F68A1D19-93FB-47C1-A22B-42BEA3E4FD8C}.Debug|Any CPU.Build.0 = Debug|Any CPU
		{F68A1D19-93FB-47C1-A22B-42BEA3E4FD8C}.Debug|x86.ActiveCfg = Debug|Any CPU
		{F68A1D19-93FB-47C1-A22B-42BEA3E4FD8C}.Release|Any CPU.ActiveCfg = Release|Any CPU
		{F68A1D19-93FB-47C1-A22B-42BEA3E4FD8C}.Release|Any CPU.Build.0 = Release|Any CPU
		{F68A1D19-93FB-47C1-A22B-42BEA3E4FD8C}.Release|x86.ActiveCfg = Release|Any CPU
		{86F86650-EE3C-4372-8FEC-40C2FE015022}.Debug|Any CPU.ActiveCfg = Debug|Any CPU
		{86F86650-EE3C-4372-8FEC-40C2FE015022}.Debug|Any CPU.Build.0 = Debug|Any CPU
		{86F86650-EE3C-4372-8FEC-40C2FE015022}.Debug|x86.ActiveCfg = Debug|Any CPU
		{86F86650-EE3C-4372-8FEC-40C2FE015022}.Release|Any CPU.ActiveCfg = Release|Any CPU
		{86F86650-EE3C-4372-8FEC-40C2FE015022}.Release|Any CPU.Build.0 = Release|Any CPU
		{86F86650-EE3C-4372-8FEC-40C2FE015022}.Release|x86.ActiveCfg = Release|Any CPU
		{4799A126-0D1B-4EDD-B226-43ABDA36925C}.Debug|Any CPU.ActiveCfg = Debug|Any CPU
		{4799A126-0D1B-4EDD-B226-43ABDA36925C}.Debug|Any CPU.Build.0 = Debug|Any CPU
		{4799A126-0D1B-4EDD-B226-43ABDA36925C}.Debug|x86.ActiveCfg = Debug|Any CPU
		{4799A126-0D1B-4EDD-B226-43ABDA36925C}.Release|Any CPU.ActiveCfg = Release|Any CPU
		{4799A126-0D1B-4EDD-B226-43ABDA36925C}.Release|Any CPU.Build.0 = Release|Any CPU
		{4799A126-0D1B-4EDD-B226-43ABDA36925C}.Release|x86.ActiveCfg = Release|Any CPU
		{04BF0937-59D4-4B95-9F4E-77ECAFA88783}.Debug|Any CPU.ActiveCfg = Debug|Any CPU
		{04BF0937-59D4-4B95-9F4E-77ECAFA88783}.Debug|Any CPU.Build.0 = Debug|Any CPU
		{04BF0937-59D4-4B95-9F4E-77ECAFA88783}.Debug|x86.ActiveCfg = Debug|Any CPU
		{04BF0937-59D4-4B95-9F4E-77ECAFA88783}.Release|Any CPU.ActiveCfg = Release|Any CPU
		{04BF0937-59D4-4B95-9F4E-77ECAFA88783}.Release|Any CPU.Build.0 = Release|Any CPU
		{04BF0937-59D4-4B95-9F4E-77ECAFA88783}.Release|x86.ActiveCfg = Release|Any CPU
		{10E258D5-9479-460F-8EED-2ABBEB2C7A1E}.Debug|Any CPU.ActiveCfg = Debug|Any CPU
		{10E258D5-9479-460F-8EED-2ABBEB2C7A1E}.Debug|Any CPU.Build.0 = Debug|Any CPU
		{10E258D5-9479-460F-8EED-2ABBEB2C7A1E}.Debug|x86.ActiveCfg = Debug|Any CPU
		{10E258D5-9479-460F-8EED-2ABBEB2C7A1E}.Release|Any CPU.ActiveCfg = Release|Any CPU
		{10E258D5-9479-460F-8EED-2ABBEB2C7A1E}.Release|Any CPU.Build.0 = Release|Any CPU
		{10E258D5-9479-460F-8EED-2ABBEB2C7A1E}.Release|x86.ActiveCfg = Release|Any CPU
		{9C445F03-2246-4C5C-97A0-20B32C184B7C}.Debug|Any CPU.ActiveCfg = Debug|Any CPU
		{9C445F03-2246-4C5C-97A0-20B32C184B7C}.Debug|Any CPU.Build.0 = Debug|Any CPU
		{9C445F03-2246-4C5C-97A0-20B32C184B7C}.Debug|x86.ActiveCfg = Debug|Any CPU
		{9C445F03-2246-4C5C-97A0-20B32C184B7C}.Release|Any CPU.ActiveCfg = Release|Any CPU
		{9C445F03-2246-4C5C-97A0-20B32C184B7C}.Release|Any CPU.Build.0 = Release|Any CPU
		{9C445F03-2246-4C5C-97A0-20B32C184B7C}.Release|x86.ActiveCfg = Release|Any CPU
		{871F0038-F629-4A87-8E24-4E37BA1328D0}.Debug|Any CPU.ActiveCfg = Debug|Any CPU
		{871F0038-F629-4A87-8E24-4E37BA1328D0}.Debug|Any CPU.Build.0 = Debug|Any CPU
		{871F0038-F629-4A87-8E24-4E37BA1328D0}.Debug|x86.ActiveCfg = Debug|Any CPU
		{871F0038-F629-4A87-8E24-4E37BA1328D0}.Release|Any CPU.ActiveCfg = Release|Any CPU
		{871F0038-F629-4A87-8E24-4E37BA1328D0}.Release|Any CPU.Build.0 = Release|Any CPU
		{871F0038-F629-4A87-8E24-4E37BA1328D0}.Release|x86.ActiveCfg = Release|Any CPU
		{711597CA-B9E5-43FD-BCCA-DCD97A298A71}.Debug|Any CPU.ActiveCfg = Debug|Any CPU
		{711597CA-B9E5-43FD-BCCA-DCD97A298A71}.Debug|Any CPU.Build.0 = Debug|Any CPU
		{711597CA-B9E5-43FD-BCCA-DCD97A298A71}.Debug|x86.ActiveCfg = Debug|Any CPU
		{711597CA-B9E5-43FD-BCCA-DCD97A298A71}.Debug|x86.Build.0 = Debug|Any CPU
		{711597CA-B9E5-43FD-BCCA-DCD97A298A71}.Release|Any CPU.ActiveCfg = Release|Any CPU
		{711597CA-B9E5-43FD-BCCA-DCD97A298A71}.Release|Any CPU.Build.0 = Release|Any CPU
		{711597CA-B9E5-43FD-BCCA-DCD97A298A71}.Release|x86.ActiveCfg = Release|Any CPU
		{711597CA-B9E5-43FD-BCCA-DCD97A298A71}.Release|x86.Build.0 = Release|Any CPU
	EndGlobalSection
	GlobalSection(SolutionProperties) = preSolution
		HideSolutionNode = FALSE
	EndGlobalSection
	GlobalSection(NestedProjects) = preSolution
		{6E682A14-C872-4813-B620-76E108DEA683} = {1880848A-61BB-4FB0-9BC8-95E31473E370}
		{F68A1D19-93FB-47C1-A22B-42BEA3E4FD8C} = {1880848A-61BB-4FB0-9BC8-95E31473E370}
		{86F86650-EE3C-4372-8FEC-40C2FE015022} = {1880848A-61BB-4FB0-9BC8-95E31473E370}
		{4799A126-0D1B-4EDD-B226-43ABDA36925C} = {D49A1A65-8D08-44A5-8FE2-4BFE0C74E543}
		{04BF0937-59D4-4B95-9F4E-77ECAFA88783} = {D49A1A65-8D08-44A5-8FE2-4BFE0C74E543}
		{10E258D5-9479-460F-8EED-2ABBEB2C7A1E} = {C5F16BC4-5F95-48EF-805D-2AB4A778811B}
		{9C445F03-2246-4C5C-97A0-20B32C184B7C} = {17A6A028-BC51-47BE-89CE-613D23C1A6A1}
		{871F0038-F629-4A87-8E24-4E37BA1328D0} = {17A6A028-BC51-47BE-89CE-613D23C1A6A1}
		{711597CA-B9E5-43FD-BCCA-DCD97A298A71} = {17A6A028-BC51-47BE-89CE-613D23C1A6A1}
	EndGlobalSection
EndGlobal
